
Microsoft Visual Studio Solution File, Format Version 12.00
# Visual Studio Version 17
VisualStudioVersion = 17.0.32014.148
MinimumVisualStudioVersion = 10.0.40219.1
Project("{FAE04EC0-301F-11D3-BF4B-00C04F79EFBC}") = "Royal Game of Ur", "Royal Game of Ur.csproj", "{8B81EA37-3974-4450-8A7B-24D8DF2266DD}"
EndProject
Global
	GlobalSection(SolutionConfigurationPlatforms) = preSolution
		Debug|Any CPU = Debug|Any CPU
		Release|Any CPU = Release|Any CPU
	EndGlobalSection
	GlobalSection(ProjectConfigurationPlatforms) = postSolution
		{8B81EA37-3974-4450-8A7B-24D8DF2266DD}.Debug|Any CPU.ActiveCfg = Debug|Any CPU
		{8B81EA37-3974-4450-8A7B-24D8DF2266DD}.Debug|Any CPU.Build.0 = Debug|Any CPU
		{8B81EA37-3974-4450-8A7B-24D8DF2266DD}.Release|Any CPU.ActiveCfg = Release|Any CPU
		{8B81EA37-3974-4450-8A7B-24D8DF2266DD}.Release|Any CPU.Build.0 = Release|Any CPU
	EndGlobalSection
	GlobalSection(SolutionProperties) = preSolution
		HideSolutionNode = FALSE
	EndGlobalSection
	GlobalSection(ExtensibilityGlobals) = postSolution
		SolutionGuid = {A1371B42-E677-4B05-A2AB-82E0E1572C25}
	EndGlobalSection
EndGlobal
